
Microsoft Visual Studio Solution File, Format Version 12.00
# Visual Studio 14
VisualStudioVersion = 14.0.25420.1
MinimumVisualStudioVersion = 10.0.40219.1
Project("{FAE04EC0-301F-11D3-BF4B-00C04F79EFBC}") = "MJ.DB", "MJ.DB\MJ.DB.csproj", "{BFD11F21-E92E-4BE5-ACCF-5E3DE6EF95F7}"
EndProject
Project("{FAE04EC0-301F-11D3-BF4B-00C04F79EFBC}") = "MJ.Entities", "MJ.Entities\MJ.Entities.csproj", "{1E312D6A-71C4-4BCE-AE2D-825434D7207E}"
EndProject
Global
	GlobalSection(SolutionConfigurationPlatforms) = preSolution
		Debug|Any CPU = Debug|Any CPU
		Release|Any CPU = Release|Any CPU
	EndGlobalSection
	GlobalSection(ProjectConfigurationPlatforms) = postSolution
		{BFD11F21-E92E-4BE5-ACCF-5E3DE6EF95F7}.Debug|Any CPU.ActiveCfg = Debug|Any CPU
		{BFD11F21-E92E-4BE5-ACCF-5E3DE6EF95F7}.Debug|Any CPU.Build.0 = Debug|Any CPU
		{BFD11F21-E92E-4BE5-ACCF-5E3DE6EF95F7}.Release|Any CPU.ActiveCfg = Release|Any CPU
		{BFD11F21-E92E-4BE5-ACCF-5E3DE6EF95F7}.Release|Any CPU.Build.0 = Release|Any CPU
		{1E312D6A-71C4-4BCE-AE2D-825434D7207E}.Debug|Any CPU.ActiveCfg = Debug|Any CPU
		{1E312D6A-71C4-4BCE-AE2D-825434D7207E}.Debug|Any CPU.Build.0 = Debug|Any CPU
		{1E312D6A-71C4-4BCE-AE2D-825434D7207E}.Release|Any CPU.ActiveCfg = Release|Any CPU
		{1E312D6A-71C4-4BCE-AE2D-825434D7207E}.Release|Any CPU.Build.0 = Release|Any CPU
	EndGlobalSection
	GlobalSection(SolutionProperties) = preSolution
		HideSolutionNode = FALSE
	EndGlobalSection
EndGlobal
